
Microsoft Visual Studio Solution File, Format Version 12.00
# Visual Studio Version 17
VisualStudioVersion = 17.9.34902.65
MinimumVisualStudioVersion = 10.0.40219.1
Project("{9A19103F-16F7-4668-BE54-9A1E7A4F7556}") = "MissIssippiAPI", "MissIssippiAPI.csproj", "{7FAA27C8-0D4D-4D9F-B26C-0BD8065F764C}"
EndProject
Global
	GlobalSection(SolutionConfigurationPlatforms) = preSolution
		Debug|Any CPU = Debug|Any CPU
		Release|Any CPU = Release|Any CPU
	EndGlobalSection
	GlobalSection(ProjectConfigurationPlatforms) = postSolution
		{7FAA27C8-0D4D-4D9F-B26C-0BD8065F764C}.Debug|Any CPU.ActiveCfg = Debug|Any CPU
		{7FAA27C8-0D4D-4D9F-B26C-0BD8065F764C}.Debug|Any CPU.Build.0 = Debug|Any CPU
		{7FAA27C8-0D4D-4D9F-B26C-0BD8065F764C}.Release|Any CPU.ActiveCfg = Release|Any CPU
		{7FAA27C8-0D4D-4D9F-B26C-0BD8065F764C}.Release|Any CPU.Build.0 = Release|Any CPU
	EndGlobalSection
	GlobalSection(SolutionProperties) = preSolution
		HideSolutionNode = FALSE
	EndGlobalSection
	GlobalSection(ExtensibilityGlobals) = postSolution
		SolutionGuid = {396472DC-9721-40C4-B0DB-AE47A619875D}
	EndGlobalSection
EndGlobal
